PODS:
  - app_links (0.0.2):
    - Flutter
  - audio_session (0.0.1):
    - Flutter
  - camera_avfoundation (0.0.1):
    - Flutter
  - cupertino_http (0.0.1):
    - Flutter
    - FlutterMacOS
  - file_selector_ios (0.0.1):
    - Flutter
  - Flutter (1.0.0)
  - flutter_keyboard_visibility (0.0.1):
    - Flutter
  - flutter_local_notifications (0.0.1):
    - Flutter
  - flutter_olm (3.2.15):
    - Flutter
  - flutter_openssl_crypto (0.0.1):
    - Flutter
    - OpenSSL-Universal
  - flutter_secure_storage (6.0.0):
    - Flutter
  - flutter_zxing (0.0.1):
    - Flutter
  - image_picker_ios (0.0.1):
    - Flutter
  - just_audio (0.0.1):
    - Flutter
    - FlutterMacOS
  - just_waveform (0.0.1):
    - Flutter
  - media_kit_libs_ios_video (1.0.4):
    - Flutter
  - media_kit_native_event_loop (1.0.0):
    - Flutter
  - media_kit_video (0.0.1):
    - Flutter
  - objective_c (0.0.1):
    - Flutter
  - OpenSSL-Universal (3.3.2000)
  - package_info_plus (0.4.5):
    - Flutter
  - path_provider_foundation (0.0.1):
    - Flutter
    - FlutterMacOS
  - pointer_interceptor_ios (0.0.1):
    - Flutter
  - receive_sharing_intent_plus (1.0.1):
    - Flutter
  - screen_brightness_ios (0.1.0):
    - Flutter
  - share_plus (0.0.1):
    - Flutter
  - sqflite_darwin (0.0.4):
    - Flutter
    - FlutterMacOS
  - SQLCipher (4.5.7):
    - SQLCipher/standard (= 4.5.7)
  - SQLCipher/common (4.5.7)
  - SQLCipher/standard (4.5.7):
    - SQLCipher/common
  - sqlcipher_flutter_libs (0.0.1):
    - Flutter
    - SQLCipher (~> 4.5.7)
  - url_launcher_ios (0.0.1):
    - Flutter
  - volume_controller (0.0.1):
    - Flutter
  - wakelock_plus (0.0.1):
    - Flutter

DEPENDENCIES:
  - app_links (from `.symlinks/plugins/app_links/ios`)
  - audio_session (from `.symlinks/plugins/audio_session/ios`)
  - camera_avfoundation (from `.symlinks/plugins/camera_avfoundation/ios`)
  - cupertino_http (from `.symlinks/plugins/cupertino_http/darwin`)
  - file_selector_ios (from `.symlinks/plugins/file_selector_ios/ios`)
  - Flutter (from `Flutter`)
  - flutter_keyboard_visibility (from `.symlinks/plugins/flutter_keyboard_visibility/ios`)
  - flutter_local_notifications (from `.symlinks/plugins/flutter_local_notifications/ios`)
  - flutter_olm (from `.symlinks/plugins/flutter_olm/ios`)
  - flutter_openssl_crypto (from `.symlinks/plugins/flutter_openssl_crypto/ios`)
  - flutter_secure_storage (from `.symlinks/plugins/flutter_secure_storage/ios`)
  - flutter_zxing (from `.symlinks/plugins/flutter_zxing/ios`)
  - image_picker_ios (from `.symlinks/plugins/image_picker_ios/ios`)
  - just_audio (from `.symlinks/plugins/just_audio/darwin`)
  - just_waveform (from `.symlinks/plugins/just_waveform/ios`)
  - media_kit_libs_ios_video (from `.symlinks/plugins/media_kit_libs_ios_video/ios`)
  - media_kit_native_event_loop (from `.symlinks/plugins/media_kit_native_event_loop/ios`)
  - media_kit_video (from `.symlinks/plugins/media_kit_video/ios`)
  - objective_c (from `.symlinks/plugins/objective_c/ios`)
  - package_info_plus (from `.symlinks/plugins/package_info_plus/ios`)
  - path_provider_foundation (from `.symlinks/plugins/path_provider_foundation/darwin`)
  - pointer_interceptor_ios (from `.symlinks/plugins/pointer_interceptor_ios/ios`)
  - receive_sharing_intent_plus (from `.symlinks/plugins/receive_sharing_intent_plus/ios`)
  - screen_brightness_ios (from `.symlinks/plugins/screen_brightness_ios/ios`)
  - share_plus (from `.symlinks/plugins/share_plus/ios`)
  - sqflite_darwin (from `.symlinks/plugins/sqflite_darwin/darwin`)
  - sqlcipher_flutter_libs (from `.symlinks/plugins/sqlcipher_flutter_libs/ios`)
  - url_launcher_ios (from `.symlinks/plugins/url_launcher_ios/ios`)
  - volume_controller (from `.symlinks/plugins/volume_controller/ios`)
  - wakelock_plus (from `.symlinks/plugins/wakelock_plus/ios`)

SPEC REPOS:
  trunk:
    - OpenSSL-Universal
    - SQLCipher

EXTERNAL SOURCES:
  app_links:
    :path: ".symlinks/plugins/app_links/ios"
  audio_session:
    :path: ".symlinks/plugins/audio_session/ios"
  camera_avfoundation:
    :path: ".symlinks/plugins/camera_avfoundation/ios"
  cupertino_http:
    :path: ".symlinks/plugins/cupertino_http/darwin"
  file_selector_ios:
    :path: ".symlinks/plugins/file_selector_ios/ios"
  Flutter:
    :path: Flutter
  flutter_keyboard_visibility:
    :path: ".symlinks/plugins/flutter_keyboard_visibility/ios"
  flutter_local_notifications:
    :path: ".symlinks/plugins/flutter_local_notifications/ios"
  flutter_olm:
    :path: ".symlinks/plugins/flutter_olm/ios"
  flutter_openssl_crypto:
    :path: ".symlinks/plugins/flutter_openssl_crypto/ios"
  flutter_secure_storage:
    :path: ".symlinks/plugins/flutter_secure_storage/ios"
  flutter_zxing:
    :path: ".symlinks/plugins/flutter_zxing/ios"
  image_picker_ios:
    :path: ".symlinks/plugins/image_picker_ios/ios"
  just_audio:
    :path: ".symlinks/plugins/just_audio/darwin"
  just_waveform:
    :path: ".symlinks/plugins/just_waveform/ios"
  media_kit_libs_ios_video:
    :path: ".symlinks/plugins/media_kit_libs_ios_video/ios"
  media_kit_native_event_loop:
    :path: ".symlinks/plugins/media_kit_native_event_loop/ios"
  media_kit_video:
    :path: ".symlinks/plugins/media_kit_video/ios"
  objective_c:
    :path: ".symlinks/plugins/objective_c/ios"
  package_info_plus:
    :path: ".symlinks/plugins/package_info_plus/ios"
  path_provider_foundation:
    :path: ".symlinks/plugins/path_provider_foundation/darwin"
  pointer_interceptor_ios:
    :path: ".symlinks/plugins/pointer_interceptor_ios/ios"
  receive_sharing_intent_plus:
    :path: ".symlinks/plugins/receive_sharing_intent_plus/ios"
  screen_brightness_ios:
    :path: ".symlinks/plugins/screen_brightness_ios/ios"
  share_plus:
    :path: ".symlinks/plugins/share_plus/ios"
  sqflite_darwin:
    :path: ".symlinks/plugins/sqflite_darwin/darwin"
  sqlcipher_flutter_libs:
    :path: ".symlinks/plugins/sqlcipher_flutter_libs/ios"
  url_launcher_ios:
    :path: ".symlinks/plugins/url_launcher_ios/ios"
  volume_controller:
    :path: ".symlinks/plugins/volume_controller/ios"
  wakelock_plus:
    :path: ".symlinks/plugins/wakelock_plus/ios"

SPEC CHECKSUMS:
  app_links: e7a6750a915a9e161c58d91bc610e8cd1d4d0ad0
  audio_session: 19e9480dbdd4e5f6c4543826b2e8b0e4ab6145fe
  camera_avfoundation: dd002b0330f4981e1bbcb46ae9b62829237459a4
  cupertino_http: 947a233f40cfea55167a49f2facc18434ea117ba
  file_selector_ios: f0670c1064a8c8450e38145d8043160105d0b97c
  Flutter: e0871f40cf51350855a761d2e70bf5af5b9b5de7
  flutter_keyboard_visibility: 0339d06371254c3eb25eeb90ba8d17dca8f9c069
  flutter_local_notifications: df98d66e515e1ca797af436137b4459b160ad8c9
  flutter_olm: b5e343c93a22c07f939ad277adf6275c8337d062
  flutter_openssl_crypto: 636ad25f56fbe0f45b9e13b8589540b341a486a1
  flutter_secure_storage: d33dac7ae2ea08509be337e775f6b59f1ff45f12
  flutter_zxing: 19a866d17c8a87ee1026d68521c69d2f008635f6
  image_picker_ios: c560581cceedb403a6ff17f2f816d7fea1421fc1
  just_audio: a42c63806f16995daf5b219ae1d679deb76e6a79
  just_waveform: e03174d1eadf4b096b01715a3e3ccbf940a05d25
  media_kit_libs_ios_video: a5fe24bc7875ccd6378a0978c13185e1344651c1
  media_kit_native_event_loop: e6b2ab20cf0746eb1c33be961fcf79667304fa2a
  media_kit_video: 5da63f157170e5bf303bf85453b7ef6971218a2e
  objective_c: 77e887b5ba1827970907e10e832eec1683f3431d
  OpenSSL-Universal: b60a3702c9fea8b3145549d421fdb018e53ab7b4
  package_info_plus: c0502532a26c7662a62a356cebe2692ec5fe4ec4
  path_provider_foundation: 2b6b4c569c0fb62ec74538f866245ac84301af46
  pointer_interceptor_ios: 508241697ff0947f853c061945a8b822463947c1
  receive_sharing_intent_plus: f02db0a23c17f7aeef8de465cb2d8705a46143a6
  screen_brightness_ios: 7437207a2a9bc56553aa10f782afecf830b4c4e2
  share_plus: 8b6f8b3447e494cca5317c8c3073de39b3600d1f
  sqflite_darwin: 5a7236e3b501866c1c9befc6771dfd73ffb8702d
  SQLCipher: 5e6bfb47323635c8b657b1b27d25c5f1baf63bf5
  sqlcipher_flutter_libs: d91da342e453eb02ed9d17f06f43aeaf82f61058
  url_launcher_ios: 5334b05cef931de560670eeae103fd3e431ac3fe
  volume_controller: 531ddf792994285c9b17f9d8a7e4dcdd29b3eae9
  wakelock_plus: 373cfe59b235a6dd5837d0fb88791d2f13a90d56

PODFILE CHECKSUM: 30f8ec3cb135c39a41dbdc3f40009442f2639040

COCOAPODS: 1.16.2
